
Microsoft Visual Studio Solution File, Format Version 12.00
# Visual Studio Version 16
VisualStudioVersion = 16.0.30611.23
MinimumVisualStudioVersion = 10.0.40219.1
Project("{9A19103F-16F7-4668-BE54-9A1E7A4F7556}") = "Pizza UML 3", "Pizza UML 3\Pizza UML 3.csproj", "{65C7B3EC-1025-42C4-A454-922B8321544E}"
EndProject
Project("{FAE04EC0-301F-11D3-BF4B-00C04F79EFBC}") = "PizzaUMLUnitTest", "PizzaUMLUnitTest\PizzaUMLUnitTest.csproj", "{F1E950BE-0D16-48A0-B4C7-865D59F791F6}"
EndProject
Global
	GlobalSection(SolutionConfigurationPlatforms) = preSolution
		Debug|Any CPU = Debug|Any CPU
		Release|Any CPU = Release|Any CPU
	EndGlobalSection
	GlobalSection(ProjectConfigurationPlatforms) = postSolution
		{65C7B3EC-1025-42C4-A454-922B8321544E}.Debug|Any CPU.ActiveCfg = Debug|Any CPU
		{65C7B3EC-1025-42C4-A454-922B8321544E}.Debug|Any CPU.Build.0 = Debug|Any CPU
		{65C7B3EC-1025-42C4-A454-922B8321544E}.Release|Any CPU.ActiveCfg = Release|Any CPU
		{65C7B3EC-1025-42C4-A454-922B8321544E}.Release|Any CPU.Build.0 = Release|Any CPU
		{F1E950BE-0D16-48A0-B4C7-865D59F791F6}.Debug|Any CPU.ActiveCfg = Debug|Any CPU
		{F1E950BE-0D16-48A0-B4C7-865D59F791F6}.Debug|Any CPU.Build.0 = Debug|Any CPU
		{F1E950BE-0D16-48A0-B4C7-865D59F791F6}.Release|Any CPU.ActiveCfg = Release|Any CPU
		{F1E950BE-0D16-48A0-B4C7-865D59F791F6}.Release|Any CPU.Build.0 = Release|Any CPU
	EndGlobalSection
	GlobalSection(SolutionProperties) = preSolution
		HideSolutionNode = FALSE
	EndGlobalSection
	GlobalSection(ExtensibilityGlobals) = postSolution
		SolutionGuid = {03BB1601-B8B8-41A2-A394-D5BB7BB60202}
	EndGlobalSection
EndGlobal
